<Solution>
  <Folder Name="/src/">
    <Project Path="src/CashFlow.API/CashFlow.API.csproj" />
    <Project Path="src/CashFlow.application/CashFlow.application.csproj" />
    <Project Path="src/CashFlow.communication/CashFlow.communication.csproj" />
    <Project Path="src/CashFlow.Domain/CashFlow.Domain.csproj" />
    <Project Path="src/CashFlow.Exeption/CashFlow.Exeption.csproj" />
    <Project Path="src/CashFlow.Infraestrutura/CashFlow.Infraestrutura.csproj" />
  </Folder>
  <Folder Name="/testes/">
    <Project Path="testes/CommunTestUtilities/CommunTestUtilities.csproj" Id="ae27d35e-a8e4-470a-a1dd-fb2259173c7e" />
    <Project Path="testes/Validators.testes/Validators.testes.csproj" Id="1d4e40a0-8650-47db-a1b7-6babb8fad732" />
  </Folder>
</Solution>
